// !$*UTF8*$!
{
	archiveVersion = 1;
	classes = {
	};
	objectVersion = 50;
	objects = {

/* Begin PBXBuildFile section */
		BC60D91F227FCD66005472D4 /* libavformat.a in Frameworks */ = {isa = PBXBuildFile; fileRef = BC60D918227FCD66005472D4 /* libavformat.a */; };
		BC60D920227FCD66005472D4 /* libavdevice.a in Frameworks */ = {isa = PBXBuildFile; fileRef = BC60D919227FCD66005472D4 /* libavdevice.a */; };
		BC60D921227FCD66005472D4 /* libavfilter.a in Frameworks */ = {isa = PBXBuildFile; fileRef = BC60D91A227FCD66005472D4 /* libavfilter.a */; };
		BC60D922227FCD66005472D4 /* libswresample.a in Frameworks */ = {isa = PBXBuildFile; fileRef = BC60D91B227FCD66005472D4 /* libswresample.a */; };
		BC60D923227FCD66005472D4 /* libavutil.a in Frameworks */ = {isa = PBXBuildFile; fileRef = BC60D91C227FCD66005472D4 /* libavutil.a */; };
		BC60D924227FCD66005472D4 /* libswscale.a in Frameworks */ = {isa = PBXBuildFile; fileRef = BC60D91D227FCD66005472D4 /* libswscale.a */; };
		BC60D925227FCD66005472D4 /* libavcodec.a in Frameworks */ = {isa = PBXBuildFile; fileRef = BC60D91E227FCD66005472D4 /* libavcodec.a */; };
		BC60D927227FD017005472D4 /* libz.1.2.5.tbd in Frameworks */ = {isa = PBXBuildFile; fileRef = BC60D926227FD017005472D4 /* libz.1.2.5.tbd */; };
		BC60D929227FD038005472D4 /* libbz2.1.0.tbd in Frameworks */ = {isa = PBXBuildFile; fileRef = BC60D928227FD038005472D4 /* libbz2.1.0.tbd */; };
		BC60D92B227FD04D005472D4 /* libiconv.2.4.0.tbd in Frameworks */ = {isa = PBXBuildFile; fileRef = BC60D92A227FD04D005472D4 /* libiconv.2.4.0.tbd */; };
		BC60D92D227FD06C005472D4 /* CoreMedia.framework in Frameworks */ = {isa = PBXBuildFile; fileRef = BC60D92C227FD06B005472D4 /* CoreMedia.framework */; };
		BC60D92F227FD0BE005472D4 /* AudioToolbox.framework in Frameworks */ = {isa = PBXBuildFile; fileRef = BC60D92E227FD0BD005472D4 /* AudioToolbox.framework */; };
		BC60D931227FD0C9005472D4 /* VideoToolbox.framework in Frameworks */ = {isa = PBXBuildFile; fileRef = BC60D930227FD0C9005472D4 /* VideoToolbox.framework */; };
		BC60D933227FD105005472D4 /* AVFoundation.framework in Frameworks */ = {isa = PBXBuildFile; fileRef = BC60D932227FD105005472D4 /* AVFoundation.framework */; };
		BCD6A3872276A8EF00F0A1AE /* AppDelegate.m in Sources */ = {isa = PBXBuildFile; fileRef = BCD6A3862276A8EF00F0A1AE /* AppDelegate.m */; };
		BCD6A38A2276A8EF00F0A1AE /* ViewController.m in Sources */ = {isa = PBXBuildFile; fileRef = BCD6A3892276A8EF00F0A1AE /* ViewController.m */; };
		BCD6A38D2276A8EF00F0A1AE /* Main.storyboard in Resources */ = {isa = PBXBuildFile; fileRef = BCD6A38B2276A8EF00F0A1AE /* Main.storyboard */; };
		BCD6A38F2276A8F000F0A1AE /* Assets.xcassets in Resources */ = {isa = PBXBuildFile; fileRef = BCD6A38E2276A8F000F0A1AE /* Assets.xcassets */; };
		BCD6A3922276A8F000F0A1AE /* LaunchScreen.storyboard in Resources */ = {isa = PBXBuildFile; fileRef = BCD6A3902276A8F000F0A1AE /* LaunchScreen.storyboard */; };
		BCD6A3952276A8F000F0A1AE /* main.m in Sources */ = {isa = PBXBuildFile; fileRef = BCD6A3942276A8F000F0A1AE /* main.m */; };
/* End PBXBuildFile section */

/* Begin PBXFileReference section */
		BC60D90A227FCCDA005472D4 /* libavfilter.a */ = {isa = PBXFileReference; lastKnownFileType = archive.ar; path = libavfilter.a; sourceTree = "<group>"; };
		BC60D90B227FCCDA005472D4 /* libswscale.a */ = {isa = PBXFileReference; lastKnownFileType = archive.ar; path = libswscale.a; sourceTree = "<group>"; };
		BC60D90C227FCCDA005472D4 /* libswresample.a */ = {isa = PBXFileReference; lastKnownFileType = archive.ar; path = libswresample.a; sourceTree = "<group>"; };
		BC60D90D227FCCDA005472D4 /* libavcodec.a */ = {isa = PBXFileReference; lastKnownFileType = archive.ar; path = libavcodec.a; sourceTree = "<group>"; };
		BC60D90E227FCCDA005472D4 /* libavutil.a */ = {isa = PBXFileReference; lastKnownFileType = archive.ar; path = libavutil.a; sourceTree = "<group>"; };
		BC60D90F227FCCDB005472D4 /* libavformat.a */ = {isa = PBXFileReference; lastKnownFileType = archive.ar; path = libavformat.a; sourceTree = "<group>"; };
		BC60D910227FCCDB005472D4 /* libavdevice.a */ = {isa = PBXFileReference; lastKnownFileType = archive.ar; path = libavdevice.a; sourceTree = "<group>"; };
		BC60D918227FCD66005472D4 /* libavformat.a */ = {isa = PBXFileReference; lastKnownFileType = archive.ar; name = libavformat.a; path = "../../Downloads/FFmpeg-iOS-build-script-master/thin/arm64/lib/libavformat.a"; sourceTree = "<group>"; };
		BC60D919227FCD66005472D4 /* libavdevice.a */ = {isa = PBXFileReference; lastKnownFileType = archive.ar; name = libavdevice.a; path = "../../Downloads/FFmpeg-iOS-build-script-master/thin/arm64/lib/libavdevice.a"; sourceTree = "<group>"; };
		BC60D91A227FCD66005472D4 /* libavfilter.a */ = {isa = PBXFileReference; lastKnownFileType = archive.ar; name = libavfilter.a; path = "../../Downloads/FFmpeg-iOS-build-script-master/thin/arm64/lib/libavfilter.a"; sourceTree = "<group>"; };
		BC60D91B227FCD66005472D4 /* libswresample.a */ = {isa = PBXFileReference; lastKnownFileType = archive.ar; name = libswresample.a; path = "../../Downloads/FFmpeg-iOS-build-script-master/thin/arm64/lib/libswresample.a"; sourceTree = "<group>"; };
		BC60D91C227FCD66005472D4 /* libavutil.a */ = {isa = PBXFileReference; lastKnownFileType = archive.ar; name = libavutil.a; path = "../../Downloads/FFmpeg-iOS-build-script-master/thin/arm64/lib/libavutil.a"; sourceTree = "<group>"; };
		BC60D91D227FCD66005472D4 /* libswscale.a */ = {isa = PBXFileReference; lastKnownFileType = archive.ar; name = libswscale.a; path = "../../Downloads/FFmpeg-iOS-build-script-master/thin/arm64/lib/libswscale.a"; sourceTree = "<group>"; };
		BC60D91E227FCD66005472D4 /* libavcodec.a */ = {isa = PBXFileReference; lastKnownFileType = archive.ar; name = libavcodec.a; path = "../../Downloads/FFmpeg-iOS-build-script-master/thin/arm64/lib/libavcodec.a"; sourceTree = "<group>"; };
		BC60D926227FD017005472D4 /* libz.1.2.5.tbd */ = {isa = PBXFileReference; lastKnownFileType = "sourcecode.text-based-dylib-definition"; name = libz.1.2.5.tbd; path = usr/lib/libz.1.2.5.tbd; sourceTree = SDKROOT; };
		BC60D928227FD038005472D4 /* libbz2.1.0.tbd */ = {isa = PBXFileReference; lastKnownFileType = "sourcecode.text-based-dylib-definition"; name = libbz2.1.0.tbd; path = usr/lib/libbz2.1.0.tbd; sourceTree = SDKROOT; };
		BC60D92A227FD04D005472D4 /* libiconv.2.4.0.tbd */ = {isa = PBXFileReference; lastKnownFileType = "sourcecode.text-based-dylib-definition"; name = libiconv.2.4.0.tbd; path = usr/lib/libiconv.2.4.0.tbd; sourceTree = SDKROOT; };
		BC60D92C227FD06B005472D4 /* CoreMedia.framework */ = {isa = PBXFileReference; lastKnownFileType = wrapper.framework; name = CoreMedia.framework; path = System/Library/Frameworks/CoreMedia.framework; sourceTree = SDKROOT; };
		BC60D92E227FD0BD005472D4 /* AudioToolbox.framework */ = {isa = PBXFileReference; lastKnownFileType = wrapper.framework; name = AudioToolbox.framework; path = System/Library/Frameworks/AudioToolbox.framework; sourceTree = SDKROOT; };
		BC60D930227FD0C9005472D4 /* VideoToolbox.framework */ = {isa = PBXFileReference; lastKnownFileType = wrapper.framework; name = VideoToolbox.framework; path = System/Library/Frameworks/VideoToolbox.framework; sourceTree = SDKROOT; };
		BC60D932227FD105005472D4 /* AVFoundation.framework */ = {isa = PBXFileReference; lastKnownFileType = wrapper.framework; name = AVFoundation.framework; path = System/Library/Frameworks/AVFoundation.framework; sourceTree = SDKROOT; };
		BCD6A3822276A8EF00F0A1AE /* FFmpeg2Test.app */ = {isa = PBXFileReference; explicitFileType = wrapper.application; includeInIndex = 0; path = FFmpeg2Test.app; sourceTree = BUILT_PRODUCTS_DIR; };
		BCD6A3852276A8EF00F0A1AE /* AppDelegate.h */ = {isa = PBXFileReference; lastKnownFileType = sourcecode.c.h; path = AppDelegate.h; sourceTree = "<group>"; };
		BCD6A3862276A8EF00F0A1AE /* AppDelegate.m */ = {isa = PBXFileReference; lastKnownFileType = sourcecode.c.objc; path = AppDelegate.m; sourceTree = "<group>"; };
		BCD6A3882276A8EF00F0A1AE /* ViewController.h */ = {isa = PBXFileReference; lastKnownFileType = sourcecode.c.h; path = ViewController.h; sourceTree = "<group>"; };
		BCD6A3892276A8EF00F0A1AE /* ViewController.m */ = {isa = PBXFileReference; lastKnownFileType = sourcecode.c.objc; path = ViewController.m; sourceTree = "<group>"; };
		BCD6A38C2276A8EF00F0A1AE /* Base */ = {isa = PBXFileReference; lastKnownFileType = file.storyboard; name = Base; path = Base.lproj/Main.storyboard; sourceTree = "<group>"; };
		BCD6A38E2276A8F000F0A1AE /* Assets.xcassets */ = {isa = PBXFileReference; lastKnownFileType = folder.assetcatalog; path = Assets.xcassets; sourceTree = "<group>"; };
		BCD6A3912276A8F000F0A1AE /* Base */ = {isa = PBXFileReference; lastKnownFileType = file.storyboard; name = Base; path = Base.lproj/LaunchScreen.storyboard; sourceTree = "<group>"; };
		BCD6A3932276A8F000F0A1AE /* Info.plist */ = {isa = PBXFileReference; lastKnownFileType = text.plist.xml; path = Info.plist; sourceTree = "<group>"; };
		BCD6A3942276A8F000F0A1AE /* main.m */ = {isa = PBXFileReference; lastKnownFileType = sourcecode.c.objc; path = main.m; sourceTree = "<group>"; };
		BCD6A4222276AAF600F0A1AE /* libz.tbd */ = {isa = PBXFileReference; lastKnownFileType = "sourcecode.text-based-dylib-definition"; name = libz.tbd; path = usr/lib/libz.tbd; sourceTree = SDKROOT; };
		BCD6A4242276AAFC00F0A1AE /* libbz2.tbd */ = {isa = PBXFileReference; lastKnownFileType = "sourcecode.text-based-dylib-definition"; name = libbz2.tbd; path = usr/lib/libbz2.tbd; sourceTree = SDKROOT; };
		BCD6A4262276AB0200F0A1AE /* libiconv.tbd */ = {isa = PBXFileReference; lastKnownFileType = "sourcecode.text-based-dylib-definition"; name = libiconv.tbd; path = usr/lib/libiconv.tbd; sourceTree = SDKROOT; };
		BCD6A52A2276B78000F0A1AE /* hwcontext.h */ = {isa = PBXFileReference; fileEncoding = 4; lastKnownFileType = sourcecode.c.h; path = hwcontext.h; sourceTree = "<group>"; };
		BCD6A52B2276B78000F0A1AE /* time.h */ = {isa = PBXFileReference; fileEncoding = 4; lastKnownFileType = sourcecode.c.h; path = time.h; sourceTree = "<group>"; };
		BCD6A52C2276B78000F0A1AE /* hwcontext_cuda.h */ = {isa = PBXFileReference; fileEncoding = 4; lastKnownFileType = sourcecode.c.h; path = hwcontext_cuda.h; sourceTree = "<group>"; };
		BCD6A52D2276B78000F0A1AE /* intfloat.h */ = {isa = PBXFileReference; fileEncoding = 4; lastKnownFileType = sourcecode.c.h; path = intfloat.h; sourceTree = "<group>"; };
		BCD6A52E2276B78000F0A1AE /* error.h */ = {isa = PBXFileReference; fileEncoding = 4; lastKnownFileType = sourcecode.c.h; path = error.h; sourceTree = "<group>"; };
		BCD6A52F2276B78000F0A1AE /* fifo.h */ = {isa = PBXFileReference; fileEncoding = 4; lastKnownFileType = sourcecode.c.h; path = fifo.h; sourceTree = "<group>"; };
		BCD6A5302276B78000F0A1AE /* blowfish.h */ = {isa = PBXFileReference; fileEncoding = 4; lastKnownFileType = sourcecode.c.h; path = blowfish.h; sourceTree = "<group>"; };
		BCD6A5312276B78000F0A1AE /* hwcontext_mediacodec.h */ = {isa = PBXFileReference; fileEncoding = 4; lastKnownFileType = sourcecode.c.h; path = hwcontext_mediacodec.h; sourceTree = "<group>"; };
		BCD6A5322276B78000F0A1AE /* replaygain.h */ = {isa = PBXFileReference; fileEncoding = 4; lastKnownFileType = sourcecode.c.h; path = replaygain.h; sourceTree = "<group>"; };
		BCD6A5332276B78000F0A1AE /* version.h */ = {isa = PBXFileReference; fileEncoding = 4; lastKnownFileType = sourcecode.c.h; path = version.h; sourceTree = "<group>"; };
		BCD6A5342276B78000F0A1AE /* murmur3.h */ = {isa = PBXFileReference; fileEncoding = 4; lastKnownFileType = sourcecode.c.h; path = murmur3.h; sourceTree = "<group>"; };
		BCD6A5352276B78000F0A1AE /* stereo3d.h */ = {isa = PBXFileReference; fileEncoding = 4; lastKnownFileType = sourcecode.c.h; path = stereo3d.h; sourceTree = "<group>"; };
		BCD6A5362276B78000F0A1AE /* samplefmt.h */ = {isa = PBXFileReference; fileEncoding = 4; lastKnownFileType = sourcecode.c.h; path = samplefmt.h; sourceTree = "<group>"; };
		BCD6A5372276B78000F0A1AE /* pixdesc.h */ = {isa = PBXFileReference; fileEncoding = 4; lastKnownFileType = sourcecode.c.h; path = pixdesc.h; sourceTree = "<group>"; };
		BCD6A5382276B78000F0A1AE /* base64.h */ = {isa = PBXFileReference; fileEncoding = 4; lastKnownFileType = sourcecode.c.h; path = base64.h; sourceTree = "<group>"; };
		BCD6A5392276B78000F0A1AE /* rational.h */ = {isa = PBXFileReference; fileEncoding = 4; lastKnownFileType = sourcecode.c.h; path = rational.h; sourceTree = "<group>"; };
		BCD6A53A2276B78000F0A1AE /* sha.h */ = {isa = PBXFileReference; fileEncoding = 4; lastKnownFileType = sourcecode.c.h; path = sha.h; sourceTree = "<group>"; };
		BCD6A53B2276B78000F0A1AE /* motion_vector.h */ = {isa = PBXFileReference; fileEncoding = 4; lastKnownFileType = sourcecode.c.h; path = motion_vector.h; sourceTree = "<group>"; };
		BCD6A53C2276B78000F0A1AE /* avconfig.h */ = {isa = PBXFileReference; fileEncoding = 4; lastKnownFileType = sourcecode.c.h; path = avconfig.h; sourceTree = "<group>"; };
		BCD6A53D2276B78000F0A1AE /* lfg.h */ = {isa = PBXFileReference; fileEncoding = 4; lastKnownFileType = sourcecode.c.h; path = lfg.h; sourceTree = "<group>"; };
		BCD6A53E2276B78000F0A1AE /* avutil.h */ = {isa = PBXFileReference; fileEncoding = 4; lastKnownFileType = sourcecode.c.h; path = avutil.h; sourceTree = "<group>"; };
		BCD6A53F2276B78000F0A1AE /* xtea.h */ = {isa = PBXFileReference; fileEncoding = 4; lastKnownFileType = sourcecode.c.h; path = xtea.h; sourceTree = "<group>"; };
		BCD6A5402276B78000F0A1AE /* crc.h */ = {isa = PBXFileReference; fileEncoding = 4; lastKnownFileType = sourcecode.c.h; path = crc.h; sourceTree = "<group>"; };
		BCD6A5412276B78000F0A1AE /* hwcontext_vdpau.h */ = {isa = PBXFileReference; fileEncoding = 4; lastKnownFileType = sourcecode.c.h; path = hwcontext_vdpau.h; sourceTree = "<group>"; };
		BCD6A5422276B78000F0A1AE /* frame.h */ = {isa = PBXFileReference; fileEncoding = 4; lastKnownFileType = sourcecode.c.h; path = frame.h; sourceTree = "<group>"; };
		BCD6A5432276B78000F0A1AE /* file.h */ = {isa = PBXFileReference; fileEncoding = 4; lastKnownFileType = sourcecode.c.h; path = file.h; sourceTree = "<group>"; };
		BCD6A5442276B78000F0A1AE /* md5.h */ = {isa = PBXFileReference; fileEncoding = 4; lastKnownFileType = sourcecode.c.h; path = md5.h; sourceTree = "<group>"; };
		BCD6A5452276B78000F0A1AE /* cast5.h */ = {isa = PBXFileReference; fileEncoding = 4; lastKnownFileType = sourcecode.c.h; path = cast5.h; sourceTree = "<group>"; };
		BCD6A5462276B78000F0A1AE /* hwcontext_vaapi.h */ = {isa = PBXFileReference; fileEncoding = 4; lastKnownFileType = sourcecode.c.h; path = hwcontext_vaapi.h; sourceTree = "<group>"; };
		BCD6A5472276B78000F0A1AE /* spherical.h */ = {isa = PBXFileReference; fileEncoding = 4; lastKnownFileType = sourcecode.c.h; path = spherical.h; sourceTree = "<group>"; };
		BCD6A5482276B78000F0A1AE /* ffversion.h */ = {isa = PBXFileReference; fileEncoding = 4; lastKnownFileType = sourcecode.c.h; path = ffversion.h; sourceTree = "<group>"; };
		BCD6A5492276B78000F0A1AE /* audio_fifo.h */ = {isa = PBXFileReference; fileEncoding = 4; lastKnownFileType = sourcecode.c.h; path = audio_fifo.h; sourceTree = "<group>"; };
		BCD6A54A2276B78000F0A1AE /* tree.h */ = {isa = PBXFileReference; fileEncoding = 4; lastKnownFileType = sourcecode.c.h; path = tree.h; sourceTree = "<group>"; };
		BCD6A54B2276B78000F0A1AE /* threadmessage.h */ = {isa = PBXFileReference; fileEncoding = 4; lastKnownFileType = sourcecode.c.h; path = threadmessage.h; sourceTree = "<group>"; };
		BCD6A54C2276B78000F0A1AE /* attributes.h */ = {isa = PBXFileReference; fileEncoding = 4; lastKnownFileType = sourcecode.c.h; path = attributes.h; sourceTree = "<group>"; };
		BCD6A54D2276B78000F0A1AE /* adler32.h */ = {isa = PBXFileReference; fileEncoding = 4; lastKnownFileType = sourcecode.c.h; path = adler32.h; sourceTree = "<group>"; };
		BCD6A54E2276B78000F0A1AE /* hwcontext_d3d11va.h */ = {isa = PBXFileReference; fileEncoding = 4; lastKnownFileType = sourcecode.c.h; path = hwcontext_d3d11va.h; sourceTree = "<group>"; };
		BCD6A54F2276B78000F0A1AE /* timecode.h */ = {isa = PBXFileReference; fileEncoding = 4; lastKnownFileType = sourcecode.c.h; path = timecode.h; sourceTree = "<group>"; };
		BCD6A5502276B78000F0A1AE /* sha512.h */ = {isa = PBXFileReference; fileEncoding = 4; lastKnownFileType = sourcecode.c.h; path = sha512.h; sourceTree = "<group>"; };
		BCD6A5512276B78000F0A1AE /* hwcontext_dxva2.h */ = {isa = PBXFileReference; fileEncoding = 4; lastKnownFileType = sourcecode.c.h; path = hwcontext_dxva2.h; sourceTree = "<group>"; };
		BCD6A5522276B78000F0A1AE /* display.h */ = {isa = PBXFileReference; fileEncoding = 4; lastKnownFileType = sourcecode.c.h; path = display.h; sourceTree = "<group>"; };
		BCD6A5532276B78000F0A1AE /* buffer.h */ = {isa = PBXFileReference; fileEncoding = 4; lastKnownFileType = sourcecode.c.h; path = buffer.h; sourceTree = "<group>"; };
		BCD6A5542276B78000F0A1AE /* camellia.h */ = {isa = PBXFileReference; fileEncoding = 4; lastKnownFileType = sourcecode.c.h; path = camellia.h; sourceTree = "<group>"; };
		BCD6A5552276B78000F0A1AE /* pixelutils.h */ = {isa = PBXFileReference; fileEncoding = 4; lastKnownFileType = sourcecode.c.h; path = pixelutils.h; sourceTree = "<group>"; };
		BCD6A5562276B78000F0A1AE /* hwcontext_drm.h */ = {isa = PBXFileReference; fileEncoding = 4; lastKnownFileType = sourcecode.c.h; path = hwcontext_drm.h; sourceTree = "<group>"; };
		BCD6A5572276B78000F0A1AE /* common.h */ = {isa = PBXFileReference; fileEncoding = 4; lastKnownFileType = sourcecode.c.h; path = common.h; sourceTree = "<group>"; };
		BCD6A5582276B78000F0A1AE /* hmac.h */ = {isa = PBXFileReference; fileEncoding = 4; lastKnownFileType = sourcecode.c.h; path = hmac.h; sourceTree = "<group>"; };
		BCD6A5592276B78000F0A1AE /* eval.h */ = {isa = PBXFileReference; fileEncoding = 4; lastKnownFileType = sourcecode.c.h; path = eval.h; sourceTree = "<group>"; };
		BCD6A55A2276B78000F0A1AE /* dict.h */ = {isa = PBXFileReference; fileEncoding = 4; lastKnownFileType = sourcecode.c.h; path = dict.h; sourceTree = "<group>"; };
		BCD6A55B2276B78000F0A1AE /* random_seed.h */ = {isa = PBXFileReference; fileEncoding = 4; lastKnownFileType = sourcecode.c.h; path = random_seed.h; sourceTree = "<group>"; };
		BCD6A55C2276B78000F0A1AE /* opt.h */ = {isa = PBXFileReference; fileEncoding = 4; lastKnownFileType = sourcecode.c.h; path = opt.h; sourceTree = "<group>"; };
		BCD6A55D2276B78000F0A1AE /* mastering_display_metadata.h */ = {isa = PBXFileReference; fileEncoding = 4; lastKnownFileType = sourcecode.c.h; path = mastering_display_metadata.h; sourceTree = "<group>"; };
		BCD6A55E2276B78000F0A1AE /* log.h */ = {isa = PBXFileReference; fileEncoding = 4; lastKnownFileType = sourcecode.c.h; path = log.h; sourceTree = "<group>"; };
		BCD6A55F2276B78000F0A1AE /* aes.h */ = {isa = PBXFileReference; fileEncoding = 4; lastKnownFileType = sourcecode.c.h; path = aes.h; sourceTree = "<group>"; };
		BCD6A5602276B78000F0A1AE /* macros.h */ = {isa = PBXFileReference; fileEncoding = 4; lastKnownFileType = sourcecode.c.h; path = macros.h; sourceTree = "<group>"; };
		BCD6A5612276B78000F0A1AE /* bswap.h */ = {isa = PBXFileReference; fileEncoding = 4; lastKnownFileType = sourcecode.c.h; path = bswap.h; sourceTree = "<group>"; };
		BCD6A5622276B78000F0A1AE /* rc4.h */ = {isa = PBXFileReference; fileEncoding = 4; lastKnownFileType = sourcecode.c.h; path = rc4.h; sourceTree = "<group>"; };
		BCD6A5632276B78000F0A1AE /* tea.h */ = {isa = PBXFileReference; fileEncoding = 4; lastKnownFileType = sourcecode.c.h; path = tea.h; sourceTree = "<group>"; };
		BCD6A5642276B78000F0A1AE /* cpu.h */ = {isa = PBXFileReference; fileEncoding = 4; lastKnownFileType = sourcecode.c.h; path = cpu.h; sourceTree = "<group>"; };
		BCD6A5652276B78000F0A1AE /* lzo.h */ = {isa = PBXFileReference; fileEncoding = 4; lastKnownFileType = sourcecode.c.h; path = lzo.h; sourceTree = "<group>"; };
		BCD6A5662276B78000F0A1AE /* des.h */ = {isa = PBXFileReference; fileEncoding = 4; lastKnownFileType = sourcecode.c.h; path = des.h; sourceTree = "<group>"; };
		BCD6A5672276B78000F0A1AE /* channel_layout.h */ = {isa = PBXFileReference; fileEncoding = 4; lastKnownFileType = sourcecode.c.h; path = channel_layout.h; sourceTree = "<group>"; };
		BCD6A5682276B78000F0A1AE /* encryption_info.h */ = {isa = PBXFileReference; fileEncoding = 4; lastKnownFileType = sourcecode.c.h; path = encryption_info.h; sourceTree = "<group>"; };
		BCD6A5692276B78000F0A1AE /* twofish.h */ = {isa = PBXFileReference; fileEncoding = 4; lastKnownFileType = sourcecode.c.h; path = twofish.h; sourceTree = "<group>"; };
		BCD6A56A2276B78000F0A1AE /* imgutils.h */ = {isa = PBXFileReference; fileEncoding = 4; lastKnownFileType = sourcecode.c.h; path = imgutils.h; sourceTree = "<group>"; };
		BCD6A56B2276B78000F0A1AE /* hwcontext_videotoolbox.h */ = {isa = PBXFileReference; fileEncoding = 4; lastKnownFileType = sourcecode.c.h; path = hwcontext_videotoolbox.h; sourceTree = "<group>"; };
		BCD6A56C2276B78000F0A1AE /* mem.h */ = {isa = PBXFileReference; fileEncoding = 4; lastKnownFileType = sourcecode.c.h; path = mem.h; sourceTree = "<group>"; };
		BCD6A56D2276B78000F0A1AE /* parseutils.h */ = {isa = PBXFileReference; fileEncoding = 4; lastKnownFileType = sourcecode.c.h; path = parseutils.h; sourceTree = "<group>"; };
		BCD6A56E2276B78000F0A1AE /* ripemd.h */ = {isa = PBXFileReference; fileEncoding = 4; lastKnownFileType = sourcecode.c.h; path = ripemd.h; sourceTree = "<group>"; };
		BCD6A56F2276B78000F0A1AE /* bprint.h */ = {isa = PBXFileReference; fileEncoding = 4; lastKnownFileType = sourcecode.c.h; path = bprint.h; sourceTree = "<group>"; };
		BCD6A5702276B78000F0A1AE /* hwcontext_qsv.h */ = {isa = PBXFileReference; fileEncoding = 4; lastKnownFileType = sourcecode.c.h; path = hwcontext_qsv.h; sourceTree = "<group>"; };
		BCD6A5712276B78000F0A1AE /* pixfmt.h */ = {isa = PBXFileReference; fileEncoding = 4; lastKnownFileType = sourcecode.c.h; path = pixfmt.h; sourceTree = "<group>"; };
		BCD6A5722276B78000F0A1AE /* aes_ctr.h */ = {isa = PBXFileReference; fileEncoding = 4; lastKnownFileType = sourcecode.c.h; path = aes_ctr.h; sourceTree = "<group>"; };
		BCD6A5732276B78000F0A1AE /* timestamp.h */ = {isa = PBXFileReference; fileEncoding = 4; lastKnownFileType = sourcecode.c.h; path = timestamp.h; sourceTree = "<group>"; };
		BCD6A5742276B78000F0A1AE /* downmix_info.h */ = {isa = PBXFileReference; fileEncoding = 4; lastKnownFileType = sourcecode.c.h; path = downmix_info.h; sourceTree = "<group>"; };
		BCD6A5752276B78000F0A1AE /* avassert.h */ = {isa = PBXFileReference; fileEncoding = 4; lastKnownFileType = sourcecode.c.h; path = avassert.h; sourceTree = "<group>"; };
		BCD6A5762276B78000F0A1AE /* hash.h */ = {isa = PBXFileReference; fileEncoding = 4; lastKnownFileType = sourcecode.c.h; path = hash.h; sourceTree = "<group>"; };
		BCD6A5772276B78000F0A1AE /* mathematics.h */ = {isa = PBXFileReference; fileEncoding = 4; lastKnownFileType = sourcecode.c.h; path = mathematics.h; sourceTree = "<group>"; };
		BCD6A5782276B78000F0A1AE /* intreadwrite.h */ = {isa = PBXFileReference; fileEncoding = 4; lastKnownFileType = sourcecode.c.h; path = intreadwrite.h; sourceTree = "<group>"; };
		BCD6A5792276B78000F0A1AE /* avstring.h */ = {isa = PBXFileReference; fileEncoding = 4; lastKnownFileType = sourcecode.c.h; path = avstring.h; sourceTree = "<group>"; };
		BCD6A57B2276B78000F0A1AE /* version.h */ = {isa = PBXFileReference; fileEncoding = 4; lastKnownFileType = sourcecode.c.h; path = version.h; sourceTree = "<group>"; };
		BCD6A57C2276B78000F0A1AE /* buffersrc.h */ = {isa = PBXFileReference; fileEncoding = 4; lastKnownFileType = sourcecode.c.h; path = buffersrc.h; sourceTree = "<group>"; };
		BCD6A57D2276B78000F0A1AE /* buffersink.h */ = {isa = PBXFileReference; fileEncoding = 4; lastKnownFileType = sourcecode.c.h; path = buffersink.h; sourceTree = "<group>"; };
		BCD6A57E2276B78000F0A1AE /* avfilter.h */ = {isa = PBXFileReference; fileEncoding = 4; lastKnownFileType = sourcecode.c.h; path = avfilter.h; sourceTree = "<group>"; };
		BCD6A5802276B78100F0A1AE /* adts_parser.h */ = {isa = PBXFileReference; fileEncoding = 4; lastKnownFileType = sourcecode.c.h; path = adts_parser.h; sourceTree = "<group>"; };
		BCD6A5812276B78100F0A1AE /* avcodec.h */ = {isa = PBXFileReference; fileEncoding = 4; lastKnownFileType = sourcecode.c.h; path = avcodec.h; sourceTree = "<group>"; };
		BCD6A5822276B78100F0A1AE /* version.h */ = {isa = PBXFileReference; fileEncoding = 4; lastKnownFileType = sourcecode.c.h; path = version.h; sourceTree = "<group>"; };
		BCD6A5832276B78100F0A1AE /* vdpau.h */ = {isa = PBXFileReference; fileEncoding = 4; lastKnownFileType = sourcecode.c.h; path = vdpau.h; sourceTree = "<group>"; };
		BCD6A5842276B78100F0A1AE /* qsv.h */ = {isa = PBXFileReference; fileEncoding = 4; lastKnownFileType = sourcecode.c.h; path = qsv.h; sourceTree = "<group>"; };
		BCD6A5852276B78100F0A1AE /* vaapi.h */ = {isa = PBXFileReference; fileEncoding = 4; lastKnownFileType = sourcecode.c.h; path = vaapi.h; sourceTree = "<group>"; };
		BCD6A5862276B78100F0A1AE /* videotoolbox.h */ = {isa = PBXFileReference; fileEncoding = 4; lastKnownFileType = sourcecode.c.h; path = videotoolbox.h; sourceTree = "<group>"; };
		BCD6A5872276B78100F0A1AE /* xvmc.h */ = {isa = PBXFileReference; fileEncoding = 4; lastKnownFileType = sourcecode.c.h; path = xvmc.h; sourceTree = "<group>"; };
		BCD6A5882276B78100F0A1AE /* mediacodec.h */ = {isa = PBXFileReference; fileEncoding = 4; lastKnownFileType = sourcecode.c.h; path = mediacodec.h; sourceTree = "<group>"; };
		BCD6A5892276B78100F0A1AE /* d3d11va.h */ = {isa = PBXFileReference; fileEncoding = 4; lastKnownFileType = sourcecode.c.h; path = d3d11va.h; sourceTree = "<group>"; };
		BCD6A58A2276B78100F0A1AE /* avfft.h */ = {isa = PBXFileReference; fileEncoding = 4; lastKnownFileType = sourcecode.c.h; path = avfft.h; sourceTree = "<group>"; };
		BCD6A58B2276B78100F0A1AE /* jni.h */ = {isa = PBXFileReference; fileEncoding = 4; lastKnownFileType = sourcecode.c.h; path = jni.h; sourceTree = "<group>"; };
		BCD6A58C2276B78100F0A1AE /* dirac.h */ = {isa = PBXFileReference; fileEncoding = 4; lastKnownFileType = sourcecode.c.h; path = dirac.h; sourceTree = "<group>"; };
		BCD6A58D2276B78100F0A1AE /* avdct.h */ = {isa = PBXFileReference; fileEncoding = 4; lastKnownFileType = sourcecode.c.h; path = avdct.h; sourceTree = "<group>"; };
		BCD6A58E2276B78100F0A1AE /* ac3_parser.h */ = {isa = PBXFileReference; fileEncoding = 4; lastKnownFileType = sourcecode.c.h; path = ac3_parser.h; sourceTree = "<group>"; };
		BCD6A58F2276B78100F0A1AE /* vorbis_parser.h */ = {isa = PBXFileReference; fileEncoding = 4; lastKnownFileType = sourcecode.c.h; path = vorbis_parser.h; sourceTree = "<group>"; };
		BCD6A5902276B78100F0A1AE /* dxva2.h */ = {isa = PBXFileReference; fileEncoding = 4; lastKnownFileType = sourcecode.c.h; path = dxva2.h; sourceTree = "<group>"; };
		BCD6A5912276B78100F0A1AE /* dv_profile.h */ = {isa = PBXFileReference; fileEncoding = 4; lastKnownFileType = sourcecode.c.h; path = dv_profile.h; sourceTree = "<group>"; };
		BCD6A5932276B78100F0A1AE /* version.h */ = {isa = PBXFileReference; fileEncoding = 4; lastKnownFileType = sourcecode.c.h; path = version.h; sourceTree = "<group>"; };
		BCD6A5942276B78100F0A1AE /* avio.h */ = {isa = PBXFileReference; fileEncoding = 4; lastKnownFileType = sourcecode.c.h; path = avio.h; sourceTree = "<group>"; };
		BCD6A5952276B78100F0A1AE /* avformat.h */ = {isa = PBXFileReference; fileEncoding = 4; lastKnownFileType = sourcecode.c.h; path = avformat.h; sourceTree = "<group>"; };
		BCD6A5972276B78100F0A1AE /* version.h */ = {isa = PBXFileReference; fileEncoding = 4; lastKnownFileType = sourcecode.c.h; path = version.h; sourceTree = "<group>"; };
		BCD6A5982276B78100F0A1AE /* avdevice.h */ = {isa = PBXFileReference; fileEncoding = 4; lastKnownFileType = sourcecode.c.h; path = avdevice.h; sourceTree = "<group>"; };
		BCD6A59A2276B78100F0A1AE /* version.h */ = {isa = PBXFileReference; fileEncoding = 4; lastKnownFileType = sourcecode.c.h; path = version.h; sourceTree = "<group>"; };
		BCD6A59B2276B78100F0A1AE /* swscale.h */ = {isa = PBXFileReference; fileEncoding = 4; lastKnownFileType = sourcecode.c.h; path = swscale.h; sourceTree = "<group>"; };
		BCD6A59D2276B78100F0A1AE /* version.h */ = {isa = PBXFileReference; fileEncoding = 4; lastKnownFileType = sourcecode.c.h; path = version.h; sourceTree = "<group>"; };
		BCD6A59E2276B78100F0A1AE /* swresample.h */ = {isa = PBXFileReference; fileEncoding = 4; lastKnownFileType = sourcecode.c.h; path = swresample.h; sourceTree = "<group>"; };
/* End PBXFileReference section */

/* Begin PBXFrameworksBuildPhase section */
		BCD6A37F2276A8EF00F0A1AE /* Frameworks */ = {
			isa = PBXFrameworksBuildPhase;
			buildActionMask = 2147483647;
			files = (
				BC60D933227FD105005472D4 /* AVFoundation.framework in Frameworks */,
				BC60D931227FD0C9005472D4 /* VideoToolbox.framework in Frameworks */,
				BC60D92F227FD0BE005472D4 /* AudioToolbox.framework in Frameworks */,
				BC60D92D227FD06C005472D4 /* CoreMedia.framework in Frameworks */,
				BC60D92B227FD04D005472D4 /* libiconv.2.4.0.tbd in Frameworks */,
				BC60D929227FD038005472D4 /* libbz2.1.0.tbd in Frameworks */,
				BC60D927227FD017005472D4 /* libz.1.2.5.tbd in Frameworks */,
				BC60D91F227FCD66005472D4 /* libavformat.a in Frameworks */,
				BC60D920227FCD66005472D4 /* libavdevice.a in Frameworks */,
				BC60D921227FCD66005472D4 /* libavfilter.a in Frameworks */,
				BC60D922227FCD66005472D4 /* libswresample.a in Frameworks */,
				BC60D923227FCD66005472D4 /* libavutil.a in Frameworks */,
				BC60D924227FCD66005472D4 /* libswscale.a in Frameworks */,
				BC60D925227FCD66005472D4 /* libavcodec.a in Frameworks */,
			);
			runOnlyForDeploymentPostprocessing = 0;
		};
/* End PBXFrameworksBuildPhase section */

/* Begin PBXGroup section */
		BCD6A3792276A8EF00F0A1AE = {
			isa = PBXGroup;
			children = (
				BC60D90D227FCCDA005472D4 /* libavcodec.a */,
				BC60D910227FCCDB005472D4 /* libavdevice.a */,
				BC60D90A227FCCDA005472D4 /* libavfilter.a */,
				BC60D90F227FCCDB005472D4 /* libavformat.a */,
				BC60D90E227FCCDA005472D4 /* libavutil.a */,
				BC60D90C227FCCDA005472D4 /* libswresample.a */,
				BC60D90B227FCCDA005472D4 /* libswscale.a */,
				BCD6A3842276A8EF00F0A1AE /* FFmpeg2Test */,
				BCD6A3832276A8EF00F0A1AE /* Products */,
				BCD6A4212276AAF500F0A1AE /* Frameworks */,
			);
			sourceTree = "<group>";
		};
		BCD6A3832276A8EF00F0A1AE /* Products */ = {
			isa = PBXGroup;
			children = (
				BCD6A3822276A8EF00F0A1AE /* FFmpeg2Test.app */,
			);
			name = Products;
			sourceTree = "<group>";
		};
		BCD6A3842276A8EF00F0A1AE /* FFmpeg2Test */ = {
			isa = PBXGroup;
			children = (
				BCD6A39B2276A90900F0A1AE /* include */,
				BCD6A3852276A8EF00F0A1AE /* AppDelegate.h */,
				BCD6A3862276A8EF00F0A1AE /* AppDelegate.m */,
				BCD6A3882276A8EF00F0A1AE /* ViewController.h */,
				BCD6A3892276A8EF00F0A1AE /* ViewController.m */,
				BCD6A38B2276A8EF00F0A1AE /* Main.storyboard */,
				BCD6A38E2276A8F000F0A1AE /* Assets.xcassets */,
				BCD6A3902276A8F000F0A1AE /* LaunchScreen.storyboard */,
				BCD6A3932276A8F000F0A1AE /* Info.plist */,
				BCD6A3942276A8F000F0A1AE /* main.m */,
			);
			path = FFmpeg2Test;
			sourceTree = "<group>";
		};
		BCD6A39B2276A90900F0A1AE /* include */ = {
			isa = PBXGroup;
			children = (
				BCD6A57F2276B78100F0A1AE /* libavcodec */,
				BCD6A5962276B78100F0A1AE /* libavdevice */,
				BCD6A57A2276B78000F0A1AE /* libavfilter */,
				BCD6A5922276B78100F0A1AE /* libavformat */,
				BCD6A5292276B78000F0A1AE /* libavutil */,
				BCD6A59C2276B78100F0A1AE /* libswresample */,
				BCD6A5992276B78100F0A1AE /* libswscale */,
			);
			path = include;
			sourceTree = "<group>";
		};
		BCD6A4212276AAF500F0A1AE /* Frameworks */ = {
			isa = PBXGroup;
			children = (
				BC60D932227FD105005472D4 /* AVFoundation.framework */,
				BC60D930227FD0C9005472D4 /* VideoToolbox.framework */,
				BC60D92E227FD0BD005472D4 /* AudioToolbox.framework */,
				BC60D92C227FD06B005472D4 /* CoreMedia.framework */,
				BC60D92A227FD04D005472D4 /* libiconv.2.4.0.tbd */,
				BC60D928227FD038005472D4 /* libbz2.1.0.tbd */,
				BC60D926227FD017005472D4 /* libz.1.2.5.tbd */,
				BC60D91E227FCD66005472D4 /* libavcodec.a */,
				BC60D919227FCD66005472D4 /* libavdevice.a */,
				BC60D91A227FCD66005472D4 /* libavfilter.a */,
				BC60D918227FCD66005472D4 /* libavformat.a */,
				BC60D91C227FCD66005472D4 /* libavutil.a */,
				BC60D91B227FCD66005472D4 /* libswresample.a */,
				BC60D91D227FCD66005472D4 /* libswscale.a */,
				BCD6A4262276AB0200F0A1AE /* libiconv.tbd */,
				BCD6A4242276AAFC00F0A1AE /* libbz2.tbd */,
				BCD6A4222276AAF600F0A1AE /* libz.tbd */,
			);
			name = Frameworks;
			sourceTree = "<group>";
		};
		BCD6A5292276B78000F0A1AE /* libavutil */ = {
			isa = PBXGroup;
			children = (
				BCD6A52A2276B78000F0A1AE /* hwcontext.h */,
				BCD6A52B2276B78000F0A1AE /* time.h */,
				BCD6A52C2276B78000F0A1AE /* hwcontext_cuda.h */,
				BCD6A52D2276B78000F0A1AE /* intfloat.h */,
				BCD6A52E2276B78000F0A1AE /* error.h */,
				BCD6A52F2276B78000F0A1AE /* fifo.h */,
				BCD6A5302276B78000F0A1AE /* blowfish.h */,
				BCD6A5312276B78000F0A1AE /* hwcontext_mediacodec.h */,
				BCD6A5322276B78000F0A1AE /* replaygain.h */,
				BCD6A5332276B78000F0A1AE /* version.h */,
				BCD6A5342276B78000F0A1AE /* murmur3.h */,
				BCD6A5352276B78000F0A1AE /* stereo3d.h */,
				BCD6A5362276B78000F0A1AE /* samplefmt.h */,
				BCD6A5372276B78000F0A1AE /* pixdesc.h */,
				BCD6A5382276B78000F0A1AE /* base64.h */,
				BCD6A5392276B78000F0A1AE /* rational.h */,
				BCD6A53A2276B78000F0A1AE /* sha.h */,
				BCD6A53B2276B78000F0A1AE /* motion_vector.h */,
				BCD6A53C2276B78000F0A1AE /* avconfig.h */,
				BCD6A53D2276B78000F0A1AE /* lfg.h */,
				BCD6A53E2276B78000F0A1AE /* avutil.h */,
				BCD6A53F2276B78000F0A1AE /* xtea.h */,
				BCD6A5402276B78000F0A1AE /* crc.h */,
				BCD6A5412276B78000F0A1AE /* hwcontext_vdpau.h */,
				BCD6A5422276B78000F0A1AE /* frame.h */,
				BCD6A5432276B78000F0A1AE /* file.h */,
				BCD6A5442276B78000F0A1AE /* md5.h */,
				BCD6A5452276B78000F0A1AE /* cast5.h */,
				BCD6A5462276B78000F0A1AE /* hwcontext_vaapi.h */,
				BCD6A5472276B78000F0A1AE /* spherical.h */,
				BCD6A5482276B78000F0A1AE /* ffversion.h */,
				BCD6A5492276B78000F0A1AE /* audio_fifo.h */,
				BCD6A54A2276B78000F0A1AE /* tree.h */,
				BCD6A54B2276B78000F0A1AE /* threadmessage.h */,
				BCD6A54C2276B78000F0A1AE /* attributes.h */,
				BCD6A54D2276B78000F0A1AE /* adler32.h */,
				BCD6A54E2276B78000F0A1AE /* hwcontext_d3d11va.h */,
				BCD6A54F2276B78000F0A1AE /* timecode.h */,
				BCD6A5502276B78000F0A1AE /* sha512.h */,
				BCD6A5512276B78000F0A1AE /* hwcontext_dxva2.h */,
				BCD6A5522276B78000F0A1AE /* display.h */,
				BCD6A5532276B78000F0A1AE /* buffer.h */,
				BCD6A5542276B78000F0A1AE /* camellia.h */,
				BCD6A5552276B78000F0A1AE /* pixelutils.h */,
				BCD6A5562276B78000F0A1AE /* hwcontext_drm.h */,
				BCD6A5572276B78000F0A1AE /* common.h */,
				BCD6A5582276B78000F0A1AE /* hmac.h */,
				BCD6A5592276B78000F0A1AE /* eval.h */,
				BCD6A55A2276B78000F0A1AE /* dict.h */,
				BCD6A55B2276B78000F0A1AE /* random_seed.h */,
				BCD6A55C2276B78000F0A1AE /* opt.h */,
				BCD6A55D2276B78000F0A1AE /* mastering_display_metadata.h */,
				BCD6A55E2276B78000F0A1AE /* log.h */,
				BCD6A55F2276B78000F0A1AE /* aes.h */,
				BCD6A5602276B78000F0A1AE /* macros.h */,
				BCD6A5612276B78000F0A1AE /* bswap.h */,
				BCD6A5622276B78000F0A1AE /* rc4.h */,
				BCD6A5632276B78000F0A1AE /* tea.h */,
				BCD6A5642276B78000F0A1AE /* cpu.h */,
				BCD6A5652276B78000F0A1AE /* lzo.h */,
				BCD6A5662276B78000F0A1AE /* des.h */,
				BCD6A5672276B78000F0A1AE /* channel_layout.h */,
				BCD6A5682276B78000F0A1AE /* encryption_info.h */,
				BCD6A5692276B78000F0A1AE /* twofish.h */,
				BCD6A56A2276B78000F0A1AE /* imgutils.h */,
				BCD6A56B2276B78000F0A1AE /* hwcontext_videotoolbox.h */,
				BCD6A56C2276B78000F0A1AE /* mem.h */,
				BCD6A56D2276B78000F0A1AE /* parseutils.h */,
				BCD6A56E2276B78000F0A1AE /* ripemd.h */,
				BCD6A56F2276B78000F0A1AE /* bprint.h */,
				BCD6A5702276B78000F0A1AE /* hwcontext_qsv.h */,
				BCD6A5712276B78000F0A1AE /* pixfmt.h */,
				BCD6A5722276B78000F0A1AE /* aes_ctr.h */,
				BCD6A5732276B78000F0A1AE /* timestamp.h */,
				BCD6A5742276B78000F0A1AE /* downmix_info.h */,
				BCD6A5752276B78000F0A1AE /* avassert.h */,
				BCD6A5762276B78000F0A1AE /* hash.h */,
				BCD6A5772276B78000F0A1AE /* mathematics.h */,
				BCD6A5782276B78000F0A1AE /* intreadwrite.h */,
				BCD6A5792276B78000F0A1AE /* avstring.h */,
			);
			path = libavutil;
			sourceTree = "<group>";
		};
		BCD6A57A2276B78000F0A1AE /* libavfilter */ = {
			isa = PBXGroup;
			children = (
				BCD6A57B2276B78000F0A1AE /* version.h */,
				BCD6A57C2276B78000F0A1AE /* buffersrc.h */,
				BCD6A57D2276B78000F0A1AE /* buffersink.h */,
				BCD6A57E2276B78000F0A1AE /* avfilter.h */,
			);
			path = libavfilter;
			sourceTree = "<group>";
		};
		BCD6A57F2276B78100F0A1AE /* libavcodec */ = {
			isa = PBXGroup;
			children = (
				BCD6A5802276B78100F0A1AE /* adts_parser.h */,
				BCD6A5812276B78100F0A1AE /* avcodec.h */,
				BCD6A5822276B78100F0A1AE /* version.h */,
				BCD6A5832276B78100F0A1AE /* vdpau.h */,
				BCD6A5842276B78100F0A1AE /* qsv.h */,
				BCD6A5852276B78100F0A1AE /* vaapi.h */,
				BCD6A5862276B78100F0A1AE /* videotoolbox.h */,
				BCD6A5872276B78100F0A1AE /* xvmc.h */,
				BCD6A5882276B78100F0A1AE /* mediacodec.h */,
				BCD6A5892276B78100F0A1AE /* d3d11va.h */,
				BCD6A58A2276B78100F0A1AE /* avfft.h */,
				BCD6A58B2276B78100F0A1AE /* jni.h */,
				BCD6A58C2276B78100F0A1AE /* dirac.h */,
				BCD6A58D2276B78100F0A1AE /* avdct.h */,
				BCD6A58E2276B78100F0A1AE /* ac3_parser.h */,
				BCD6A58F2276B78100F0A1AE /* vorbis_parser.h */,
				BCD6A5902276B78100F0A1AE /* dxva2.h */,
				BCD6A5912276B78100F0A1AE /* dv_profile.h */,
			);
			path = libavcodec;
			sourceTree = "<group>";
		};
		BCD6A5922276B78100F0A1AE /* libavformat */ = {
			isa = PBXGroup;
			children = (
				BCD6A5932276B78100F0A1AE /* version.h */,
				BCD6A5942276B78100F0A1AE /* avio.h */,
				BCD6A5952276B78100F0A1AE /* avformat.h */,
			);
			path = libavformat;
			sourceTree = "<group>";
		};
		BCD6A5962276B78100F0A1AE /* libavdevice */ = {
			isa = PBXGroup;
			children = (
				BCD6A5972276B78100F0A1AE /* version.h */,
				BCD6A5982276B78100F0A1AE /* avdevice.h */,
			);
			path = libavdevice;
			sourceTree = "<group>";
		};
		BCD6A5992276B78100F0A1AE /* libswscale */ = {
			isa = PBXGroup;
			children = (
				BCD6A59A2276B78100F0A1AE /* version.h */,
				BCD6A59B2276B78100F0A1AE /* swscale.h */,
			);
			path = libswscale;
			sourceTree = "<group>";
		};
		BCD6A59C2276B78100F0A1AE /* libswresample */ = {
			isa = PBXGroup;
			children = (
				BCD6A59D2276B78100F0A1AE /* version.h */,
				BCD6A59E2276B78100F0A1AE /* swresample.h */,
			);
			path = libswresample;
			sourceTree = "<group>";
		};
/* End PBXGroup section */

/* Begin PBXNativeTarget section */
		BCD6A3812276A8EF00F0A1AE /* FFmpeg2Test */ = {
			isa = PBXNativeTarget;
			buildConfigurationList = BCD6A3982276A8F000F0A1AE /* Build configuration list for PBXNativeTarget "FFmpeg2Test" */;
			buildPhases = (
				BCD6A37E2276A8EF00F0A1AE /* Sources */,
				BCD6A37F2276A8EF00F0A1AE /* Frameworks */,
				BCD6A3802276A8EF00F0A1AE /* Resources */,
			);
			buildRules = (
			);
			dependencies = (
			);
			name = FFmpeg2Test;
			productName = FFmpeg2Test;
			productReference = BCD6A3822276A8EF00F0A1AE /* FFmpeg2Test.app */;
			productType = "com.apple.product-type.application";
		};
/* End PBXNativeTarget section */

/* Begin PBXProject section */
		BCD6A37A2276A8EF00F0A1AE /* Project object */ = {
			isa = PBXProject;
			attributes = {
				LastUpgradeCheck = 1020;
				ORGANIZATIONNAME = stone;
				TargetAttributes = {
					BCD6A3812276A8EF00F0A1AE = {
						CreatedOnToolsVersion = 10.2.1;
					};
				};
			};
			buildConfigurationList = BCD6A37D2276A8EF00F0A1AE /* Build configuration list for PBXProject "FFmpeg2Test" */;
			compatibilityVersion = "Xcode 9.3";
			developmentRegion = en;
			hasScannedForEncodings = 0;
			knownRegions = (
				en,
				Base,
			);
			mainGroup = BCD6A3792276A8EF00F0A1AE;
			productRefGroup = BCD6A3832276A8EF00F0A1AE /* Products */;
			projectDirPath = "";
			projectRoot = "";
			targets = (
				BCD6A3812276A8EF00F0A1AE /* FFmpeg2Test */,
			);
		};
/* End PBXProject section */

/* Begin PBXResourcesBuildPhase section */
		BCD6A3802276A8EF00F0A1AE /* Resources */ = {
			isa = PBXResourcesBuildPhase;
			buildActionMask = 2147483647;
			files = (
				BCD6A3922276A8F000F0A1AE /* LaunchScreen.storyboard in Resources */,
				BCD6A38F2276A8F000F0A1AE /* Assets.xcassets in Resources */,
				BCD6A38D2276A8EF00F0A1AE /* Main.storyboard in Resources */,
			);
			runOnlyForDeploymentPostprocessing = 0;
		};
/* End PBXResourcesBuildPhase section */

/* Begin PBXSourcesBuildPhase section */
		BCD6A37E2276A8EF00F0A1AE /* Sources */ = {
			isa = PBXSourcesBuildPhase;
			buildActionMask = 2147483647;
			files = (
				BCD6A38A2276A8EF00F0A1AE /* ViewController.m in Sources */,
				BCD6A3952276A8F000F0A1AE /* main.m in Sources */,
				BCD6A3872276A8EF00F0A1AE /* AppDelegate.m in Sources */,
			);
			runOnlyForDeploymentPostprocessing = 0;
		};
/* End PBXSourcesBuildPhase section */

/* Begin PBXVariantGroup section */
		BCD6A38B2276A8EF00F0A1AE /* Main.storyboard */ = {
			isa = PBXVariantGroup;
			children = (
				BCD6A38C2276A8EF00F0A1AE /* Base */,
			);
			name = Main.storyboard;
			sourceTree = "<group>";
		};
		BCD6A3902276A8F000F0A1AE /* LaunchScreen.storyboard */ = {
			isa = PBXVariantGroup;
			children = (
				BCD6A3912276A8F000F0A1AE /* Base */,
			);
			name = LaunchScreen.storyboard;
			sourceTree = "<group>";
		};
/* End PBXVariantGroup section */

/* Begin XCBuildConfiguration section */
		BCD6A3962276A8F000F0A1AE /* Debug */ = {
			isa = XCBuildConfiguration;
			buildSettings = {
				ALWAYS_SEARCH_USER_PATHS = NO;
				CLANG_ANALYZER_NONNULL = YES;
				CLANG_ANALYZER_NUMBER_OBJECT_CONVERSION = YES_AGGRESSIVE;
				CLANG_CXX_LANGUAGE_STANDARD = "compiler-default";
				CLANG_CXX_LIBRARY = "compiler-default";
				CLANG_ENABLE_MODULES = YES;
				CLANG_ENABLE_OBJC_ARC = YES;
				CLANG_ENABLE_OBJC_WEAK = YES;
				CLANG_WARN_BLOCK_CAPTURE_AUTORELEASING = YES;
				CLANG_WARN_BOOL_CONVERSION = YES;
				CLANG_WARN_COMMA = YES;
				CLANG_WARN_CONSTANT_CONVERSION = YES;
				CLANG_WARN_DEPRECATED_OBJC_IMPLEMENTATIONS = YES;
				CLANG_WARN_DIRECT_OBJC_ISA_USAGE = YES_ERROR;
				CLANG_WARN_DOCUMENTATION_COMMENTS = YES;
				CLANG_WARN_EMPTY_BODY = YES;
				CLANG_WARN_ENUM_CONVERSION = YES;
				CLANG_WARN_INFINITE_RECURSION = YES;
				CLANG_WARN_INT_CONVERSION = YES;
				CLANG_WARN_NON_LITERAL_NULL_CONVERSION = YES;
				CLANG_WARN_OBJC_IMPLICIT_RETAIN_SELF = YES;
				CLANG_WARN_OBJC_LITERAL_CONVERSION = YES;
				CLANG_WARN_OBJC_ROOT_CLASS = YES_ERROR;
				CLANG_WARN_RANGE_LOOP_ANALYSIS = YES;
				CLANG_WARN_STRICT_PROTOTYPES = YES;
				CLANG_WARN_SUSPICIOUS_MOVE = YES;
				CLANG_WARN_UNGUARDED_AVAILABILITY = YES_AGGRESSIVE;
				CLANG_WARN_UNREACHABLE_CODE = YES;
				CLANG_WARN__DUPLICATE_METHOD_MATCH = YES;
				CODE_SIGN_IDENTITY = "iPhone Developer";
				COPY_PHASE_STRIP = NO;
				DEBUG_INFORMATION_FORMAT = dwarf;
				ENABLE_STRICT_OBJC_MSGSEND = YES;
				ENABLE_TESTABILITY = YES;
				GCC_C_LANGUAGE_STANDARD = gnu99;
				GCC_DYNAMIC_NO_PIC = NO;
				GCC_NO_COMMON_BLOCKS = YES;
				GCC_OPTIMIZATION_LEVEL = 0;
				GCC_PREPROCESSOR_DEFINITIONS = (
					"DEBUG=1",
					"$(inherited)",
				);
				GCC_WARN_64_TO_32_BIT_CONVERSION = YES;
				GCC_WARN_ABOUT_RETURN_TYPE = YES_ERROR;
				GCC_WARN_UNDECLARED_SELECTOR = YES;
				GCC_WARN_UNINITIALIZED_AUTOS = YES_AGGRESSIVE;
				GCC_WARN_UNUSED_FUNCTION = YES;
				GCC_WARN_UNUSED_VARIABLE = YES;
				IPHONEOS_DEPLOYMENT_TARGET = 12.2;
				MTL_ENABLE_DEBUG_INFO = INCLUDE_SOURCE;
				MTL_FAST_MATH = YES;
				ONLY_ACTIVE_ARCH = YES;
				PRODUCT_NAME = "$(TARGET_NAME)";
				SDKROOT = iphoneos;
				VALID_ARCHS = "arm64 i386 armv7 x86_64";
			};
			name = Debug;
		};
		BCD6A3972276A8F000F0A1AE /* Release */ = {
			isa = XCBuildConfiguration;
			buildSettings = {
				ALWAYS_SEARCH_USER_PATHS = NO;
				CLANG_ANALYZER_NONNULL = YES;
				CLANG_ANALYZER_NUMBER_OBJECT_CONVERSION = YES_AGGRESSIVE;
				CLANG_CXX_LANGUAGE_STANDARD = "compiler-default";
				CLANG_CXX_LIBRARY = "compiler-default";
				CLANG_ENABLE_MODULES = YES;
				CLANG_ENABLE_OBJC_ARC = YES;
				CLANG_ENABLE_OBJC_WEAK = YES;
				CLANG_WARN_BLOCK_CAPTURE_AUTORELEASING = YES;
				CLANG_WARN_BOOL_CONVERSION = YES;
				CLANG_WARN_COMMA = YES;
				CLANG_WARN_CONSTANT_CONVERSION = YES;
				CLANG_WARN_DEPRECATED_OBJC_IMPLEMENTATIONS = YES;
				CLANG_WARN_DIRECT_OBJC_ISA_USAGE = YES_ERROR;
				CLANG_WARN_DOCUMENTATION_COMMENTS = YES;
				CLANG_WARN_EMPTY_BODY = YES;
				CLANG_WARN_ENUM_CONVERSION = YES;
				CLANG_WARN_INFINITE_RECURSION = YES;
				CLANG_WARN_INT_CONVERSION = YES;
				CLANG_WARN_NON_LITERAL_NULL_CONVERSION = YES;
				CLANG_WARN_OBJC_IMPLICIT_RETAIN_SELF = YES;
				CLANG_WARN_OBJC_LITERAL_CONVERSION = YES;
				CLANG_WARN_OBJC_ROOT_CLASS = YES_ERROR;
				CLANG_WARN_RANGE_LOOP_ANALYSIS = YES;
				CLANG_WARN_STRICT_PROTOTYPES = YES;
				CLANG_WARN_SUSPICIOUS_MOVE = YES;
				CLANG_WARN_UNGUARDED_AVAILABILITY = YES_AGGRESSIVE;
				CLANG_WARN_UNREACHABLE_CODE = YES;
				CLANG_WARN__DUPLICATE_METHOD_MATCH = YES;
				CODE_SIGN_IDENTITY = "iPhone Developer";
				COPY_PHASE_STRIP = NO;
				DEBUG_INFORMATION_FORMAT = "dwarf-with-dsym";
				ENABLE_NS_ASSERTIONS = NO;
				ENABLE_STRICT_OBJC_MSGSEND = YES;
				GCC_C_LANGUAGE_STANDARD = gnu99;
				GCC_NO_COMMON_BLOCKS = YES;
				GCC_WARN_64_TO_32_BIT_CONVERSION = YES;
				GCC_WARN_ABOUT_RETURN_TYPE = YES_ERROR;
				GCC_WARN_UNDECLARED_SELECTOR = YES;
				GCC_WARN_UNINITIALIZED_AUTOS = YES_AGGRESSIVE;
				GCC_WARN_UNUSED_FUNCTION = YES;
				GCC_WARN_UNUSED_VARIABLE = YES;
				IPHONEOS_DEPLOYMENT_TARGET = 12.2;
				MTL_ENABLE_DEBUG_INFO = NO;
				MTL_FAST_MATH = YES;
				ONLY_ACTIVE_ARCH = YES;
				PRODUCT_NAME = "$(TARGET_NAME)";
				SDKROOT = iphoneos;
				VALIDATE_PRODUCT = YES;
				VALID_ARCHS = "arm64 i386 armv7 x86_64";
			};
			name = Release;
		};
		BCD6A3992276A8F000F0A1AE /* Debug */ = {
			isa = XCBuildConfiguration;
			buildSettings = {
				ASSETCATALOG_COMPILER_APPICON_NAME = AppIcon;
				CLANG_CXX_LIBRARY = "compiler-default";
				CODE_SIGN_STYLE = Automatic;
				DEVELOPMENT_TEAM = 4J96TJ89YP;
				HEADER_SEARCH_PATHS = (
					"$(inherited)",
					"$(PROJECT_DIR)/FFmpeg2Test/include/**",
				);
				INFOPLIST_FILE = FFmpeg2Test/Info.plist;
				LD_RUNPATH_SEARCH_PATHS = (
					"$(inherited)",
					"@executable_path/Frameworks",
				);
				LIBRARY_SEARCH_PATHS = (
					"$(inherited)",
					"$(PROJECT_DIR)/FFmpeg2Test/lib/**",
					"$(PROJECT_DIR)/FFmpeg2Test/lib",
					"$(PROJECT_DIR)/FFmpeg2Test",
					"$(PROJECT_DIR)",
				);
				ONLY_ACTIVE_ARCH = YES;
				PRODUCT_BUNDLE_IDENTIFIER = com.tianjin.app.FFmpeg2Test;
				PRODUCT_NAME = "$(TARGET_NAME)";
				TARGETED_DEVICE_FAMILY = "1,2";
				VALID_ARCHS = "arm64 i386 armv7 x86_64";
			};
			name = Debug;
		};
		BCD6A39A2276A8F000F0A1AE /* Release */ = {
			isa = XCBuildConfiguration;
			buildSettings = {
				ASSETCATALOG_COMPILER_APPICON_NAME = AppIcon;
				CLANG_CXX_LIBRARY = "compiler-default";
				CODE_SIGN_STYLE = Automatic;
				DEVELOPMENT_TEAM = 4J96TJ89YP;
				HEADER_SEARCH_PATHS = (
					"$(inherited)",
					"$(PROJECT_DIR)/FFmpeg2Test/include/**",
				);
				INFOPLIST_FILE = FFmpeg2Test/Info.plist;
				LD_RUNPATH_SEARCH_PATHS = (
					"$(inherited)",
					"@executable_path/Frameworks",
				);
				LIBRARY_SEARCH_PATHS = (
					"$(inherited)",
					"$(PROJECT_DIR)/FFmpeg2Test/lib/**",
					"$(PROJECT_DIR)/FFmpeg2Test/lib",
					"$(PROJECT_DIR)/FFmpeg2Test",
					"$(PROJECT_DIR)",
				);
				ONLY_ACTIVE_ARCH = YES;
				PRODUCT_BUNDLE_IDENTIFIER = com.tianjin.app.FFmpeg2Test;
				PRODUCT_NAME = "$(TARGET_NAME)";
				TARGETED_DEVICE_FAMILY = "1,2";
				VALID_ARCHS = "arm64 i386 armv7 x86_64";
			};
			name = Release;
		};
/* End XCBuildConfiguration section */

/* Begin XCConfigurationList section */
		BCD6A37D2276A8EF00F0A1AE /* Build configuration list for PBXProject "FFmpeg2Test" */ = {
			isa = XCConfigurationList;
			buildConfigurations = (
				BCD6A3962276A8F000F0A1AE /* Debug */,
				BCD6A3972276A8F000F0A1AE /* Release */,
			);
			defaultConfigurationIsVisible = 0;
			defaultConfigurationName = Release;
		};
		BCD6A3982276A8F000F0A1AE /* Build configuration list for PBXNativeTarget "FFmpeg2Test" */ = {
			isa = XCConfigurationList;
			buildConfigurations = (
				BCD6A3992276A8F000F0A1AE /* Debug */,
				BCD6A39A2276A8F000F0A1AE /* Release */,
			);
			defaultConfigurationIsVisible = 0;
			defaultConfigurationName = Release;
		};
/* End XCConfigurationList section */
	};
	rootObject = BCD6A37A2276A8EF00F0A1AE /* Project object */;
}
